
Microsoft Visual Studio Solution File, Format Version 12.00
# Visual Studio Version 17
VisualStudioVersion = 17.0.32112.339
MinimumVisualStudioVersion = 10.0.40219.1
Project("{2150E333-8FDC-42A3-9474-1A3956D46DE8}") = "ShopManagement", "ShopManagement", "{22FDEF39-99E0-4529-A9C9-2A0E403430A8}"
EndProject
Project("{9A19103F-16F7-4668-BE54-9A1E7A4F7556}") = "ShopManagement.Domain", "ShopManagement.Domain\ShopManagement.Domain.csproj", "{E5C17058-3F4C-4C78-9A60-4162A4B2649B}"
EndProject
Project("{9A19103F-16F7-4668-BE54-9A1E7A4F7556}") = "01_Framework", "01_Framework\01_Framework.csproj", "{91255114-B642-4B7D-B529-CD25128212E4}"
EndProject
Project("{9A19103F-16F7-4668-BE54-9A1E7A4F7556}") = "ShopManagement.Application.Contracts", "ShopManagement.Application.Contracts\ShopManagement.Application.Contracts.csproj", "{4BA9C852-1ED2-42DD-82A5-EB97F693C561}"
EndProject
Project("{9A19103F-16F7-4668-BE54-9A1E7A4F7556}") = "ShopManagement.Application", "ShopManagement.Application\ShopManagement.Application.csproj", "{408161DF-03E1-4F60-B616-387A6C82CBED}"
EndProject
Project("{9A19103F-16F7-4668-BE54-9A1E7A4F7556}") = "ShopManagement.Infrastructure.EFCore", "ShopManagement.Infrastructure\ShopManagement.Infrastructure.EFCore.csproj", "{AE73F31A-9B46-4C9B-8901-116B36EBE75E}"
EndProject
Project("{2150E333-8FDC-42A3-9474-1A3956D46DE8}") = "SM.Application", "SM.Application", "{73D4B31E-D517-4B45-A01B-7DFBB2D29B29}"
EndProject
Project("{2150E333-8FDC-42A3-9474-1A3956D46DE8}") = "SM.Domain", "SM.Domain", "{EC2CCA2F-9AB3-4858-88EF-7E3B10597648}"
EndProject
Project("{2150E333-8FDC-42A3-9474-1A3956D46DE8}") = "SM.Infrastructure", "SM.Infrastructure", "{E39D54AF-53B7-496C-9B3D-72581F868BAC}"
EndProject
Project("{9A19103F-16F7-4668-BE54-9A1E7A4F7556}") = "ShopManagement.Configuration", "ShopManagement.Configuration\ShopManagement.Configuration.csproj", "{55303578-5BDC-4076-B055-5DF7E3948A43}"
EndProject
Project("{9A19103F-16F7-4668-BE54-9A1E7A4F7556}") = "ServiceHost", "ServiceHost\ServiceHost.csproj", "{5C0170A2-0083-4E9B-A9C2-27FCC9C3F651}"
EndProject
Project("{9A19103F-16F7-4668-BE54-9A1E7A4F7556}") = "01_TajhizMiningQuery", "01_TajhizMiningQuery\01_TajhizMiningQuery.csproj", "{9D7C00D1-5A1C-44C1-80F0-467DCE9AE6A0}"
EndProject
Project("{2150E333-8FDC-42A3-9474-1A3956D46DE8}") = "DiscountManagement", "DiscountManagement", "{5C6BBF56-B313-40A3-AE78-887428A93D62}"
EndProject
Project("{2150E333-8FDC-42A3-9474-1A3956D46DE8}") = "DM.Domain", "DM.Domain", "{0F17E332-79FC-4A27-8389-0070A473B83D}"
EndProject
Project("{9A19103F-16F7-4668-BE54-9A1E7A4F7556}") = "DiscountManagement.Domain", "DiscountManagement.Domain\DiscountManagement.Domain.csproj", "{E5A54666-BA06-4BF9-BB75-C054F18E83C9}"
EndProject
Project("{2150E333-8FDC-42A3-9474-1A3956D46DE8}") = "DM.Application", "DM.Application", "{2A84282F-6762-4091-8ACF-1999D5EBADDF}"
EndProject
Project("{9A19103F-16F7-4668-BE54-9A1E7A4F7556}") = "DiscountManagement.Application.Contract", "DiscountManagement.Application.Contract\DiscountManagement.Application.Contract.csproj", "{06D842E2-5E24-43B9-BE8B-2F6CC2C5F41C}"
EndProject
Project("{9A19103F-16F7-4668-BE54-9A1E7A4F7556}") = "DiscountManagement.Application", "DiscountManagement.Application\DiscountManagement.Application.csproj", "{D9EF88A8-1EFE-46C9-8AD9-26B96028EB3C}"
EndProject
Project("{2150E333-8FDC-42A3-9474-1A3956D46DE8}") = "DM.Infrastructure", "DM.Infrastructure", "{C95FAD17-39F2-48AC-89D6-150EBC81071A}"
EndProject
Project("{9A19103F-16F7-4668-BE54-9A1E7A4F7556}") = "DiscountManagement.Infrastructure.EFCore", "CustomerDiscount.Infrastructure.EFCore\DiscountManagement.Infrastructure.EFCore.csproj", "{B156E500-E1BC-45B7-AE1A-2BA601065212}"
EndProject
Project("{9A19103F-16F7-4668-BE54-9A1E7A4F7556}") = "DiscountManagement.Configuration", "CustomerDiscount.Infrastructure.Configuration\DiscountManagement.Configuration.csproj", "{0DEF085C-BD82-4FA7-B91D-9084DBDE6E5B}"
EndProject
Project("{2150E333-8FDC-42A3-9474-1A3956D46DE8}") = "InventoryManagement", "InventoryManagement", "{C18B73B3-9650-48CD-B5D0-1D25C2F9FF09}"
EndProject
Project("{2150E333-8FDC-42A3-9474-1A3956D46DE8}") = "IM.Domain", "IM.Domain", "{8E0FC629-83D7-4290-B255-DE8EF5ED96F8}"
EndProject
Project("{9A19103F-16F7-4668-BE54-9A1E7A4F7556}") = "InventoryManagement.Domain", "InventoryManagement.Domain\InventoryManagement.Domain.csproj", "{CE9A315A-CF9A-4155-AB0E-821DDE17F653}"
EndProject
Project("{2150E333-8FDC-42A3-9474-1A3956D46DE8}") = "IM.Application", "IM.Application", "{2DFAC216-A10C-4172-A5E2-386996DD238A}"
EndProject
Project("{9A19103F-16F7-4668-BE54-9A1E7A4F7556}") = "InventoryManegement.Application.Contract", "InventoryManegement.Application.Contract\InventoryManegement.Application.Contract.csproj", "{805D10D8-47C2-492B-AFA9-3B4B1A136C65}"
EndProject
Project("{2150E333-8FDC-42A3-9474-1A3956D46DE8}") = "IM.Infrastructure", "IM.Infrastructure", "{670C02BF-67BE-4605-9F0A-24981D1EC32E}"
EndProject
Project("{9A19103F-16F7-4668-BE54-9A1E7A4F7556}") = "InventoryManagement.Infrastructure.EFCore", "InventoryManagement.Infrastructure.EFCore\InventoryManagement.Infrastructure.EFCore.csproj", "{652BF91C-87AC-4918-AF10-A5CFD85A7CA5}"
EndProject
Project("{9A19103F-16F7-4668-BE54-9A1E7A4F7556}") = "InventoryManagement.Configuration", "InventoryManagement.Infrastructure.Configuration\InventoryManagement.Configuration.csproj", "{C385EC95-8268-4903-9C2F-7F433F4A6C19}"
EndProject
Project("{9A19103F-16F7-4668-BE54-9A1E7A4F7556}") = "InventoryManagement.Application", "InventoryManagement.Application\InventoryManagement.Application.csproj", "{B336A775-47CB-4D4D-8E3C-627EACBC4FDB}"
EndProject
Project("{2150E333-8FDC-42A3-9474-1A3956D46DE8}") = "CommentManagement", "CommentManagement", "{5FB572E9-6FD3-48AE-B391-77145E9E1F9D}"
EndProject
Project("{2150E333-8FDC-42A3-9474-1A3956D46DE8}") = "CM.Domain", "CM.Domain", "{70F60FB9-1877-4713-8380-D0EDC7AC20B7}"
EndProject
Project("{2150E333-8FDC-42A3-9474-1A3956D46DE8}") = "CM.Infrastructure", "CM.Infrastructure", "{A6B27A5C-D3BE-49BB-A1B3-7D672B6396C4}"
EndProject
Project("{2150E333-8FDC-42A3-9474-1A3956D46DE8}") = "CM.Application", "CM.Application", "{E7D81629-428C-4DBD-94F6-4C7EE251E767}"
EndProject
Project("{9A19103F-16F7-4668-BE54-9A1E7A4F7556}") = "CommentManagement.Domain", "CommentManagement.Domain\CommentManagement.Domain.csproj", "{35D67BE5-D050-426F-9304-A2145DD9C825}"
EndProject
Project("{9A19103F-16F7-4668-BE54-9A1E7A4F7556}") = "CommentManagement.Application.Contract", "CommentManagement.Application.Contract\CommentManagement.Application.Contract.csproj", "{EB073227-05F7-4D25-97FC-18C474436422}"
EndProject
Project("{9A19103F-16F7-4668-BE54-9A1E7A4F7556}") = "CommentManagement.Application", "CommentManagement.Application\CommentManagement.Application.csproj", "{CB93AA5F-9A65-4DA8-9294-3109E5FBD1EA}"
EndProject
Project("{9A19103F-16F7-4668-BE54-9A1E7A4F7556}") = "CommentManagement.Infrastructure.EFCore", "CommentManagement.Infrastructure.EFCore\CommentManagement.Infrastructure.EFCore.csproj", "{D31E8114-DEBB-4113-9BBE-0F9772BCC0D6}"
EndProject
Project("{9A19103F-16F7-4668-BE54-9A1E7A4F7556}") = "CommentManagement.Configuration", "CommentManagement.Configuration\CommentManagement.Configuration.csproj", "{4126BD8F-E2A6-4D80-99F8-B42C81D3DA3D}"
EndProject
Project("{2150E333-8FDC-42A3-9474-1A3956D46DE8}") = "ArticleManagement", "ArticleManagement", "{79B16E13-045A-4329-97D7-F5DB1F101D98}"
EndProject
Project("{2150E333-8FDC-42A3-9474-1A3956D46DE8}") = "AM.Domain", "AM.Domain", "{6A4DA0AA-620D-4016-92EB-FD83496521EC}"
EndProject
Project("{2150E333-8FDC-42A3-9474-1A3956D46DE8}") = "AM.Application", "AM.Application", "{D5358260-A966-43CA-8CEF-E47B7BF529CC}"
EndProject
Project("{2150E333-8FDC-42A3-9474-1A3956D46DE8}") = "AM.Infrastructure", "AM.Infrastructure", "{9704A721-64B4-4491-AA2C-6C6D3FC78780}"
EndProject
Project("{9A19103F-16F7-4668-BE54-9A1E7A4F7556}") = "ArticleManagement.Domain", "ArticleManagement.Domain\ArticleManagement.Domain.csproj", "{6099AE47-D296-4DDA-A1D2-AFE201965D20}"
EndProject
Project("{9A19103F-16F7-4668-BE54-9A1E7A4F7556}") = "ArticleManagement.Application.Contract", "ArticleManagement.Application.Contract\ArticleManagement.Application.Contract.csproj", "{56B4AAEB-4167-45E1-9215-AA6F3295B53F}"
EndProject
Project("{9A19103F-16F7-4668-BE54-9A1E7A4F7556}") = "ArticleManagement.Application", "ArticleManagement.Application\ArticleManagement.Application.csproj", "{04125576-5AB0-475C-91E6-FA1E75DFAB26}"
EndProject
Project("{9A19103F-16F7-4668-BE54-9A1E7A4F7556}") = "ArticleManagement.Infrastructure.EFCore", "ArticleCategoryManagement.Infrastructure.EFCore\ArticleManagement.Infrastructure.EFCore.csproj", "{B4041534-4A69-4D99-9CF6-F2BF7560F6D1}"
EndProject
Project("{9A19103F-16F7-4668-BE54-9A1E7A4F7556}") = "ArticleManagement.Configuration", "ArticleCategoryManagement.Configuration\ArticleManagement.Configuration.csproj", "{07E65A15-B7B6-48D3-B965-0DDA4B7DB2A1}"
EndProject
Project("{2150E333-8FDC-42A3-9474-1A3956D46DE8}") = "AccountManagement", "AccountManagement", "{E6B9D6B1-3003-4339-A831-764874D98430}"
EndProject
Project("{2150E333-8FDC-42A3-9474-1A3956D46DE8}") = "AM.Domain", "AM.Domain", "{234D0E34-D768-4CAA-9E0D-08BE6A603429}"
EndProject
Project("{2150E333-8FDC-42A3-9474-1A3956D46DE8}") = "AM.Application", "AM.Application", "{27AD4765-5482-46D7-A41D-34CF62A9FB45}"
EndProject
Project("{2150E333-8FDC-42A3-9474-1A3956D46DE8}") = "AM.Infrastructure", "AM.Infrastructure", "{77CB2DF9-46BF-44DB-88A6-D68CF019C1B0}"
EndProject
Project("{FAE04EC0-301F-11D3-BF4B-00C04F79EFBC}") = "AccountManagement.Domain", "AccountManagement.Domain\AccountManagement.Domain.csproj", "{F8CD9D14-9EDE-4EEA-A6A9-A2B57838CBB1}"
EndProject
Project("{FAE04EC0-301F-11D3-BF4B-00C04F79EFBC}") = "AccountManagement.Application", "AccountManagement.Application\AccountManagement.Application.csproj", "{7FD942BD-B42C-4C7D-BC49-B6F64D2B6FB8}"
EndProject
Project("{FAE04EC0-301F-11D3-BF4B-00C04F79EFBC}") = "AccountManagement.Application.Contract", "AccountManagement.Application.Contract\AccountManagement.Application.Contract.csproj", "{E4B36149-B533-4BA3-912D-5961EBE6F13C}"
EndProject
Project("{FAE04EC0-301F-11D3-BF4B-00C04F79EFBC}") = "AccountManagement.Infrastructure.EFCore", "AccountManagement.Infrastructure.EFCore\AccountManagement.Infrastructure.EFCore.csproj", "{8A69CCC3-595F-4F32-BC0A-A317B8FD4557}"
EndProject
Project("{FAE04EC0-301F-11D3-BF4B-00C04F79EFBC}") = "AccountManagement.Infrastructure.Configuration", "AccountManagement.Infrastructure.Configuration\AccountManagement.Infrastructure.Configuration.csproj", "{13E508B9-0A6B-4DE2-B14F-9D443ECA0E85}"
EndProject
Global
	GlobalSection(SolutionConfigurationPlatforms) = preSolution
		Debug|Any CPU = Debug|Any CPU
		Release|Any CPU = Release|Any CPU
	EndGlobalSection
	GlobalSection(ProjectConfigurationPlatforms) = postSolution
		{E5C17058-3F4C-4C78-9A60-4162A4B2649B}.Debug|Any CPU.ActiveCfg = Debug|Any CPU
		{E5C17058-3F4C-4C78-9A60-4162A4B2649B}.Debug|Any CPU.Build.0 = Debug|Any CPU
		{E5C17058-3F4C-4C78-9A60-4162A4B2649B}.Release|Any CPU.ActiveCfg = Release|Any CPU
		{E5C17058-3F4C-4C78-9A60-4162A4B2649B}.Release|Any CPU.Build.0 = Release|Any CPU
		{91255114-B642-4B7D-B529-CD25128212E4}.Debug|Any CPU.ActiveCfg = Debug|Any CPU
		{91255114-B642-4B7D-B529-CD25128212E4}.Debug|Any CPU.Build.0 = Debug|Any CPU
		{91255114-B642-4B7D-B529-CD25128212E4}.Release|Any CPU.ActiveCfg = Release|Any CPU
		{91255114-B642-4B7D-B529-CD25128212E4}.Release|Any CPU.Build.0 = Release|Any CPU
		{4BA9C852-1ED2-42DD-82A5-EB97F693C561}.Debug|Any CPU.ActiveCfg = Debug|Any CPU
		{4BA9C852-1ED2-42DD-82A5-EB97F693C561}.Debug|Any CPU.Build.0 = Debug|Any CPU
		{4BA9C852-1ED2-42DD-82A5-EB97F693C561}.Release|Any CPU.ActiveCfg = Release|Any CPU
		{4BA9C852-1ED2-42DD-82A5-EB97F693C561}.Release|Any CPU.Build.0 = Release|Any CPU
		{408161DF-03E1-4F60-B616-387A6C82CBED}.Debug|Any CPU.ActiveCfg = Debug|Any CPU
		{408161DF-03E1-4F60-B616-387A6C82CBED}.Debug|Any CPU.Build.0 = Debug|Any CPU
		{408161DF-03E1-4F60-B616-387A6C82CBED}.Release|Any CPU.ActiveCfg = Release|Any CPU
		{408161DF-03E1-4F60-B616-387A6C82CBED}.Release|Any CPU.Build.0 = Release|Any CPU
		{AE73F31A-9B46-4C9B-8901-116B36EBE75E}.Debug|Any CPU.ActiveCfg = Debug|Any CPU
		{AE73F31A-9B46-4C9B-8901-116B36EBE75E}.Debug|Any CPU.Build.0 = Debug|Any CPU
		{AE73F31A-9B46-4C9B-8901-116B36EBE75E}.Release|Any CPU.ActiveCfg = Release|Any CPU
		{AE73F31A-9B46-4C9B-8901-116B36EBE75E}.Release|Any CPU.Build.0 = Release|Any CPU
		{55303578-5BDC-4076-B055-5DF7E3948A43}.Debug|Any CPU.ActiveCfg = Debug|Any CPU
		{55303578-5BDC-4076-B055-5DF7E3948A43}.Debug|Any CPU.Build.0 = Debug|Any CPU
		{55303578-5BDC-4076-B055-5DF7E3948A43}.Release|Any CPU.ActiveCfg = Release|Any CPU
		{55303578-5BDC-4076-B055-5DF7E3948A43}.Release|Any CPU.Build.0 = Release|Any CPU
		{5C0170A2-0083-4E9B-A9C2-27FCC9C3F651}.Debug|Any CPU.ActiveCfg = Debug|Any CPU
		{5C0170A2-0083-4E9B-A9C2-27FCC9C3F651}.Debug|Any CPU.Build.0 = Debug|Any CPU
		{5C0170A2-0083-4E9B-A9C2-27FCC9C3F651}.Release|Any CPU.ActiveCfg = Release|Any CPU
		{5C0170A2-0083-4E9B-A9C2-27FCC9C3F651}.Release|Any CPU.Build.0 = Release|Any CPU
		{9D7C00D1-5A1C-44C1-80F0-467DCE9AE6A0}.Debug|Any CPU.ActiveCfg = Debug|Any CPU
		{9D7C00D1-5A1C-44C1-80F0-467DCE9AE6A0}.Debug|Any CPU.Build.0 = Debug|Any CPU
		{9D7C00D1-5A1C-44C1-80F0-467DCE9AE6A0}.Release|Any CPU.ActiveCfg = Release|Any CPU
		{9D7C00D1-5A1C-44C1-80F0-467DCE9AE6A0}.Release|Any CPU.Build.0 = Release|Any CPU
		{E5A54666-BA06-4BF9-BB75-C054F18E83C9}.Debug|Any CPU.ActiveCfg = Debug|Any CPU
		{E5A54666-BA06-4BF9-BB75-C054F18E83C9}.Debug|Any CPU.Build.0 = Debug|Any CPU
		{E5A54666-BA06-4BF9-BB75-C054F18E83C9}.Release|Any CPU.ActiveCfg = Release|Any CPU
		{E5A54666-BA06-4BF9-BB75-C054F18E83C9}.Release|Any CPU.Build.0 = Release|Any CPU
		{06D842E2-5E24-43B9-BE8B-2F6CC2C5F41C}.Debug|Any CPU.ActiveCfg = Debug|Any CPU
		{06D842E2-5E24-43B9-BE8B-2F6CC2C5F41C}.Debug|Any CPU.Build.0 = Debug|Any CPU
		{06D842E2-5E24-43B9-BE8B-2F6CC2C5F41C}.Release|Any CPU.ActiveCfg = Release|Any CPU
		{06D842E2-5E24-43B9-BE8B-2F6CC2C5F41C}.Release|Any CPU.Build.0 = Release|Any CPU
		{D9EF88A8-1EFE-46C9-8AD9-26B96028EB3C}.Debug|Any CPU.ActiveCfg = Debug|Any CPU
		{D9EF88A8-1EFE-46C9-8AD9-26B96028EB3C}.Debug|Any CPU.Build.0 = Debug|Any CPU
		{D9EF88A8-1EFE-46C9-8AD9-26B96028EB3C}.Release|Any CPU.ActiveCfg = Release|Any CPU
		{D9EF88A8-1EFE-46C9-8AD9-26B96028EB3C}.Release|Any CPU.Build.0 = Release|Any CPU
		{B156E500-E1BC-45B7-AE1A-2BA601065212}.Debug|Any CPU.ActiveCfg = Debug|Any CPU
		{B156E500-E1BC-45B7-AE1A-2BA601065212}.Debug|Any CPU.Build.0 = Debug|Any CPU
		{B156E500-E1BC-45B7-AE1A-2BA601065212}.Release|Any CPU.ActiveCfg = Release|Any CPU
		{B156E500-E1BC-45B7-AE1A-2BA601065212}.Release|Any CPU.Build.0 = Release|Any CPU
		{0DEF085C-BD82-4FA7-B91D-9084DBDE6E5B}.Debug|Any CPU.ActiveCfg = Debug|Any CPU
		{0DEF085C-BD82-4FA7-B91D-9084DBDE6E5B}.Debug|Any CPU.Build.0 = Debug|Any CPU
		{0DEF085C-BD82-4FA7-B91D-9084DBDE6E5B}.Release|Any CPU.ActiveCfg = Release|Any CPU
		{0DEF085C-BD82-4FA7-B91D-9084DBDE6E5B}.Release|Any CPU.Build.0 = Release|Any CPU
		{CE9A315A-CF9A-4155-AB0E-821DDE17F653}.Debug|Any CPU.ActiveCfg = Debug|Any CPU
		{CE9A315A-CF9A-4155-AB0E-821DDE17F653}.Debug|Any CPU.Build.0 = Debug|Any CPU
		{CE9A315A-CF9A-4155-AB0E-821DDE17F653}.Release|Any CPU.ActiveCfg = Release|Any CPU
		{CE9A315A-CF9A-4155-AB0E-821DDE17F653}.Release|Any CPU.Build.0 = Release|Any CPU
		{805D10D8-47C2-492B-AFA9-3B4B1A136C65}.Debug|Any CPU.ActiveCfg = Debug|Any CPU
		{805D10D8-47C2-492B-AFA9-3B4B1A136C65}.Debug|Any CPU.Build.0 = Debug|Any CPU
		{805D10D8-47C2-492B-AFA9-3B4B1A136C65}.Release|Any CPU.ActiveCfg = Release|Any CPU
		{805D10D8-47C2-492B-AFA9-3B4B1A136C65}.Release|Any CPU.Build.0 = Release|Any CPU
		{652BF91C-87AC-4918-AF10-A5CFD85A7CA5}.Debug|Any CPU.ActiveCfg = Debug|Any CPU
		{652BF91C-87AC-4918-AF10-A5CFD85A7CA5}.Debug|Any CPU.Build.0 = Debug|Any CPU
		{652BF91C-87AC-4918-AF10-A5CFD85A7CA5}.Release|Any CPU.ActiveCfg = Release|Any CPU
		{652BF91C-87AC-4918-AF10-A5CFD85A7CA5}.Release|Any CPU.Build.0 = Release|Any CPU
		{C385EC95-8268-4903-9C2F-7F433F4A6C19}.Debug|Any CPU.ActiveCfg = Debug|Any CPU
		{C385EC95-8268-4903-9C2F-7F433F4A6C19}.Debug|Any CPU.Build.0 = Debug|Any CPU
		{C385EC95-8268-4903-9C2F-7F433F4A6C19}.Release|Any CPU.ActiveCfg = Release|Any CPU
		{C385EC95-8268-4903-9C2F-7F433F4A6C19}.Release|Any CPU.Build.0 = Release|Any CPU
		{B336A775-47CB-4D4D-8E3C-627EACBC4FDB}.Debug|Any CPU.ActiveCfg = Debug|Any CPU
		{B336A775-47CB-4D4D-8E3C-627EACBC4FDB}.Debug|Any CPU.Build.0 = Debug|Any CPU
		{B336A775-47CB-4D4D-8E3C-627EACBC4FDB}.Release|Any CPU.ActiveCfg = Release|Any CPU
		{B336A775-47CB-4D4D-8E3C-627EACBC4FDB}.Release|Any CPU.Build.0 = Release|Any CPU
		{35D67BE5-D050-426F-9304-A2145DD9C825}.Debug|Any CPU.ActiveCfg = Debug|Any CPU
		{35D67BE5-D050-426F-9304-A2145DD9C825}.Debug|Any CPU.Build.0 = Debug|Any CPU
		{35D67BE5-D050-426F-9304-A2145DD9C825}.Release|Any CPU.ActiveCfg = Release|Any CPU
		{35D67BE5-D050-426F-9304-A2145DD9C825}.Release|Any CPU.Build.0 = Release|Any CPU
		{EB073227-05F7-4D25-97FC-18C474436422}.Debug|Any CPU.ActiveCfg = Debug|Any CPU
		{EB073227-05F7-4D25-97FC-18C474436422}.Debug|Any CPU.Build.0 = Debug|Any CPU
		{EB073227-05F7-4D25-97FC-18C474436422}.Release|Any CPU.ActiveCfg = Release|Any CPU
		{EB073227-05F7-4D25-97FC-18C474436422}.Release|Any CPU.Build.0 = Release|Any CPU
		{CB93AA5F-9A65-4DA8-9294-3109E5FBD1EA}.Debug|Any CPU.ActiveCfg = Debug|Any CPU
		{CB93AA5F-9A65-4DA8-9294-3109E5FBD1EA}.Debug|Any CPU.Build.0 = Debug|Any CPU
		{CB93AA5F-9A65-4DA8-9294-3109E5FBD1EA}.Release|Any CPU.ActiveCfg = Release|Any CPU
		{CB93AA5F-9A65-4DA8-9294-3109E5FBD1EA}.Release|Any CPU.Build.0 = Release|Any CPU
		{D31E8114-DEBB-4113-9BBE-0F9772BCC0D6}.Debug|Any CPU.ActiveCfg = Debug|Any CPU
		{D31E8114-DEBB-4113-9BBE-0F9772BCC0D6}.Debug|Any CPU.Build.0 = Debug|Any CPU
		{D31E8114-DEBB-4113-9BBE-0F9772BCC0D6}.Release|Any CPU.ActiveCfg = Release|Any CPU
		{D31E8114-DEBB-4113-9BBE-0F9772BCC0D6}.Release|Any CPU.Build.0 = Release|Any CPU
		{4126BD8F-E2A6-4D80-99F8-B42C81D3DA3D}.Debug|Any CPU.ActiveCfg = Debug|Any CPU
		{4126BD8F-E2A6-4D80-99F8-B42C81D3DA3D}.Debug|Any CPU.Build.0 = Debug|Any CPU
		{4126BD8F-E2A6-4D80-99F8-B42C81D3DA3D}.Release|Any CPU.ActiveCfg = Release|Any CPU
		{4126BD8F-E2A6-4D80-99F8-B42C81D3DA3D}.Release|Any CPU.Build.0 = Release|Any CPU
		{6099AE47-D296-4DDA-A1D2-AFE201965D20}.Debug|Any CPU.ActiveCfg = Debug|Any CPU
		{6099AE47-D296-4DDA-A1D2-AFE201965D20}.Debug|Any CPU.Build.0 = Debug|Any CPU
		{6099AE47-D296-4DDA-A1D2-AFE201965D20}.Release|Any CPU.ActiveCfg = Release|Any CPU
		{6099AE47-D296-4DDA-A1D2-AFE201965D20}.Release|Any CPU.Build.0 = Release|Any CPU
		{56B4AAEB-4167-45E1-9215-AA6F3295B53F}.Debug|Any CPU.ActiveCfg = Debug|Any CPU
		{56B4AAEB-4167-45E1-9215-AA6F3295B53F}.Debug|Any CPU.Build.0 = Debug|Any CPU
		{56B4AAEB-4167-45E1-9215-AA6F3295B53F}.Release|Any CPU.ActiveCfg = Release|Any CPU
		{56B4AAEB-4167-45E1-9215-AA6F3295B53F}.Release|Any CPU.Build.0 = Release|Any CPU
		{04125576-5AB0-475C-91E6-FA1E75DFAB26}.Debug|Any CPU.ActiveCfg = Debug|Any CPU
		{04125576-5AB0-475C-91E6-FA1E75DFAB26}.Debug|Any CPU.Build.0 = Debug|Any CPU
		{04125576-5AB0-475C-91E6-FA1E75DFAB26}.Release|Any CPU.ActiveCfg = Release|Any CPU
		{04125576-5AB0-475C-91E6-FA1E75DFAB26}.Release|Any CPU.Build.0 = Release|Any CPU
		{B4041534-4A69-4D99-9CF6-F2BF7560F6D1}.Debug|Any CPU.ActiveCfg = Debug|Any CPU
		{B4041534-4A69-4D99-9CF6-F2BF7560F6D1}.Debug|Any CPU.Build.0 = Debug|Any CPU
		{B4041534-4A69-4D99-9CF6-F2BF7560F6D1}.Release|Any CPU.ActiveCfg = Release|Any CPU
		{B4041534-4A69-4D99-9CF6-F2BF7560F6D1}.Release|Any CPU.Build.0 = Release|Any CPU
		{07E65A15-B7B6-48D3-B965-0DDA4B7DB2A1}.Debug|Any CPU.ActiveCfg = Debug|Any CPU
		{07E65A15-B7B6-48D3-B965-0DDA4B7DB2A1}.Debug|Any CPU.Build.0 = Debug|Any CPU
		{07E65A15-B7B6-48D3-B965-0DDA4B7DB2A1}.Release|Any CPU.ActiveCfg = Release|Any CPU
		{07E65A15-B7B6-48D3-B965-0DDA4B7DB2A1}.Release|Any CPU.Build.0 = Release|Any CPU
		{F8CD9D14-9EDE-4EEA-A6A9-A2B57838CBB1}.Debug|Any CPU.ActiveCfg = Debug|Any CPU
		{F8CD9D14-9EDE-4EEA-A6A9-A2B57838CBB1}.Debug|Any CPU.Build.0 = Debug|Any CPU
		{F8CD9D14-9EDE-4EEA-A6A9-A2B57838CBB1}.Release|Any CPU.ActiveCfg = Release|Any CPU
		{F8CD9D14-9EDE-4EEA-A6A9-A2B57838CBB1}.Release|Any CPU.Build.0 = Release|Any CPU
		{7FD942BD-B42C-4C7D-BC49-B6F64D2B6FB8}.Debug|Any CPU.ActiveCfg = Debug|Any CPU
		{7FD942BD-B42C-4C7D-BC49-B6F64D2B6FB8}.Debug|Any CPU.Build.0 = Debug|Any CPU
		{7FD942BD-B42C-4C7D-BC49-B6F64D2B6FB8}.Release|Any CPU.ActiveCfg = Release|Any CPU
		{7FD942BD-B42C-4C7D-BC49-B6F64D2B6FB8}.Release|Any CPU.Build.0 = Release|Any CPU
		{E4B36149-B533-4BA3-912D-5961EBE6F13C}.Debug|Any CPU.ActiveCfg = Debug|Any CPU
		{E4B36149-B533-4BA3-912D-5961EBE6F13C}.Debug|Any CPU.Build.0 = Debug|Any CPU
		{E4B36149-B533-4BA3-912D-5961EBE6F13C}.Release|Any CPU.ActiveCfg = Release|Any CPU
		{E4B36149-B533-4BA3-912D-5961EBE6F13C}.Release|Any CPU.Build.0 = Release|Any CPU
		{8A69CCC3-595F-4F32-BC0A-A317B8FD4557}.Debug|Any CPU.ActiveCfg = Debug|Any CPU
		{8A69CCC3-595F-4F32-BC0A-A317B8FD4557}.Debug|Any CPU.Build.0 = Debug|Any CPU
		{8A69CCC3-595F-4F32-BC0A-A317B8FD4557}.Release|Any CPU.ActiveCfg = Release|Any CPU
		{8A69CCC3-595F-4F32-BC0A-A317B8FD4557}.Release|Any CPU.Build.0 = Release|Any CPU
		{13E508B9-0A6B-4DE2-B14F-9D443ECA0E85}.Debug|Any CPU.ActiveCfg = Debug|Any CPU
		{13E508B9-0A6B-4DE2-B14F-9D443ECA0E85}.Debug|Any CPU.Build.0 = Debug|Any CPU
		{13E508B9-0A6B-4DE2-B14F-9D443ECA0E85}.Release|Any CPU.ActiveCfg = Release|Any CPU
		{13E508B9-0A6B-4DE2-B14F-9D443ECA0E85}.Release|Any CPU.Build.0 = Release|Any CPU
	EndGlobalSection
	GlobalSection(SolutionProperties) = preSolution
		HideSolutionNode = FALSE
	EndGlobalSection
	GlobalSection(NestedProjects) = preSolution
		{E5C17058-3F4C-4C78-9A60-4162A4B2649B} = {EC2CCA2F-9AB3-4858-88EF-7E3B10597648}
		{4BA9C852-1ED2-42DD-82A5-EB97F693C561} = {73D4B31E-D517-4B45-A01B-7DFBB2D29B29}
		{408161DF-03E1-4F60-B616-387A6C82CBED} = {73D4B31E-D517-4B45-A01B-7DFBB2D29B29}
		{AE73F31A-9B46-4C9B-8901-116B36EBE75E} = {E39D54AF-53B7-496C-9B3D-72581F868BAC}
		{73D4B31E-D517-4B45-A01B-7DFBB2D29B29} = {22FDEF39-99E0-4529-A9C9-2A0E403430A8}
		{EC2CCA2F-9AB3-4858-88EF-7E3B10597648} = {22FDEF39-99E0-4529-A9C9-2A0E403430A8}
		{E39D54AF-53B7-496C-9B3D-72581F868BAC} = {22FDEF39-99E0-4529-A9C9-2A0E403430A8}
		{55303578-5BDC-4076-B055-5DF7E3948A43} = {E39D54AF-53B7-496C-9B3D-72581F868BAC}
		{0F17E332-79FC-4A27-8389-0070A473B83D} = {5C6BBF56-B313-40A3-AE78-887428A93D62}
		{E5A54666-BA06-4BF9-BB75-C054F18E83C9} = {0F17E332-79FC-4A27-8389-0070A473B83D}
		{2A84282F-6762-4091-8ACF-1999D5EBADDF} = {5C6BBF56-B313-40A3-AE78-887428A93D62}
		{06D842E2-5E24-43B9-BE8B-2F6CC2C5F41C} = {2A84282F-6762-4091-8ACF-1999D5EBADDF}
		{D9EF88A8-1EFE-46C9-8AD9-26B96028EB3C} = {2A84282F-6762-4091-8ACF-1999D5EBADDF}
		{C95FAD17-39F2-48AC-89D6-150EBC81071A} = {5C6BBF56-B313-40A3-AE78-887428A93D62}
		{B156E500-E1BC-45B7-AE1A-2BA601065212} = {C95FAD17-39F2-48AC-89D6-150EBC81071A}
		{0DEF085C-BD82-4FA7-B91D-9084DBDE6E5B} = {C95FAD17-39F2-48AC-89D6-150EBC81071A}
		{8E0FC629-83D7-4290-B255-DE8EF5ED96F8} = {C18B73B3-9650-48CD-B5D0-1D25C2F9FF09}
		{CE9A315A-CF9A-4155-AB0E-821DDE17F653} = {8E0FC629-83D7-4290-B255-DE8EF5ED96F8}
		{2DFAC216-A10C-4172-A5E2-386996DD238A} = {C18B73B3-9650-48CD-B5D0-1D25C2F9FF09}
		{805D10D8-47C2-492B-AFA9-3B4B1A136C65} = {2DFAC216-A10C-4172-A5E2-386996DD238A}
		{670C02BF-67BE-4605-9F0A-24981D1EC32E} = {C18B73B3-9650-48CD-B5D0-1D25C2F9FF09}
		{652BF91C-87AC-4918-AF10-A5CFD85A7CA5} = {670C02BF-67BE-4605-9F0A-24981D1EC32E}
		{C385EC95-8268-4903-9C2F-7F433F4A6C19} = {670C02BF-67BE-4605-9F0A-24981D1EC32E}
		{B336A775-47CB-4D4D-8E3C-627EACBC4FDB} = {2DFAC216-A10C-4172-A5E2-386996DD238A}
		{70F60FB9-1877-4713-8380-D0EDC7AC20B7} = {5FB572E9-6FD3-48AE-B391-77145E9E1F9D}
		{A6B27A5C-D3BE-49BB-A1B3-7D672B6396C4} = {5FB572E9-6FD3-48AE-B391-77145E9E1F9D}
		{E7D81629-428C-4DBD-94F6-4C7EE251E767} = {5FB572E9-6FD3-48AE-B391-77145E9E1F9D}
		{35D67BE5-D050-426F-9304-A2145DD9C825} = {70F60FB9-1877-4713-8380-D0EDC7AC20B7}
		{EB073227-05F7-4D25-97FC-18C474436422} = {E7D81629-428C-4DBD-94F6-4C7EE251E767}
		{CB93AA5F-9A65-4DA8-9294-3109E5FBD1EA} = {E7D81629-428C-4DBD-94F6-4C7EE251E767}
		{D31E8114-DEBB-4113-9BBE-0F9772BCC0D6} = {A6B27A5C-D3BE-49BB-A1B3-7D672B6396C4}
		{4126BD8F-E2A6-4D80-99F8-B42C81D3DA3D} = {A6B27A5C-D3BE-49BB-A1B3-7D672B6396C4}
		{6A4DA0AA-620D-4016-92EB-FD83496521EC} = {79B16E13-045A-4329-97D7-F5DB1F101D98}
		{D5358260-A966-43CA-8CEF-E47B7BF529CC} = {79B16E13-045A-4329-97D7-F5DB1F101D98}
		{9704A721-64B4-4491-AA2C-6C6D3FC78780} = {79B16E13-045A-4329-97D7-F5DB1F101D98}
		{6099AE47-D296-4DDA-A1D2-AFE201965D20} = {6A4DA0AA-620D-4016-92EB-FD83496521EC}
		{56B4AAEB-4167-45E1-9215-AA6F3295B53F} = {D5358260-A966-43CA-8CEF-E47B7BF529CC}
		{04125576-5AB0-475C-91E6-FA1E75DFAB26} = {D5358260-A966-43CA-8CEF-E47B7BF529CC}
		{B4041534-4A69-4D99-9CF6-F2BF7560F6D1} = {9704A721-64B4-4491-AA2C-6C6D3FC78780}
		{07E65A15-B7B6-48D3-B965-0DDA4B7DB2A1} = {9704A721-64B4-4491-AA2C-6C6D3FC78780}
		{234D0E34-D768-4CAA-9E0D-08BE6A603429} = {E6B9D6B1-3003-4339-A831-764874D98430}
		{27AD4765-5482-46D7-A41D-34CF62A9FB45} = {E6B9D6B1-3003-4339-A831-764874D98430}
		{77CB2DF9-46BF-44DB-88A6-D68CF019C1B0} = {E6B9D6B1-3003-4339-A831-764874D98430}
		{F8CD9D14-9EDE-4EEA-A6A9-A2B57838CBB1} = {234D0E34-D768-4CAA-9E0D-08BE6A603429}
		{7FD942BD-B42C-4C7D-BC49-B6F64D2B6FB8} = {27AD4765-5482-46D7-A41D-34CF62A9FB45}
		{E4B36149-B533-4BA3-912D-5961EBE6F13C} = {27AD4765-5482-46D7-A41D-34CF62A9FB45}
		{8A69CCC3-595F-4F32-BC0A-A317B8FD4557} = {77CB2DF9-46BF-44DB-88A6-D68CF019C1B0}
		{13E508B9-0A6B-4DE2-B14F-9D443ECA0E85} = {77CB2DF9-46BF-44DB-88A6-D68CF019C1B0}
	EndGlobalSection
	GlobalSection(ExtensibilityGlobals) = postSolution
		SolutionGuid = {B23A108C-96DC-489C-B2BA-5C55AB6FEB6E}
	EndGlobalSection
EndGlobal
