
Microsoft Visual Studio Solution File, Format Version 12.00
# Visual Studio Version 17
VisualStudioVersion = 17.0.32112.339
MinimumVisualStudioVersion = 10.0.40219.1
Project("{2150E333-8FDC-42A3-9474-1A3956D46DE8}") = "ShopManagement", "ShopManagement", "{22FDEF39-99E0-4529-A9C9-2A0E403430A8}"
EndProject
Project("{9A19103F-16F7-4668-BE54-9A1E7A4F7556}") = "ShopManagement.Domain", "ShopManagement.Domain\ShopManagement.Domain.csproj", "{E5C17058-3F4C-4C78-9A60-4162A4B2649B}"
EndProject
Project("{9A19103F-16F7-4668-BE54-9A1E7A4F7556}") = "01_Framework", "01_Framework\01_Framework.csproj", "{91255114-B642-4B7D-B529-CD25128212E4}"
EndProject
Project("{9A19103F-16F7-4668-BE54-9A1E7A4F7556}") = "ShopManagement.Application.Contracts", "ShopManagement.Application.Contracts\ShopManagement.Application.Contracts.csproj", "{4BA9C852-1ED2-42DD-82A5-EB97F693C561}"
EndProject
Project("{9A19103F-16F7-4668-BE54-9A1E7A4F7556}") = "ShopManagement.Application", "ShopManagement.Application\ShopManagement.Application.csproj", "{408161DF-03E1-4F60-B616-387A6C82CBED}"
EndProject
Project("{9A19103F-16F7-4668-BE54-9A1E7A4F7556}") = "ShopManagement.Infrastructure.EFCore", "ShopManagement.Infrastructure\ShopManagement.Infrastructure.EFCore.csproj", "{AE73F31A-9B46-4C9B-8901-116B36EBE75E}"
EndProject
Project("{2150E333-8FDC-42A3-9474-1A3956D46DE8}") = "SM.Application", "SM.Application", "{73D4B31E-D517-4B45-A01B-7DFBB2D29B29}"
EndProject
Project("{2150E333-8FDC-42A3-9474-1A3956D46DE8}") = "SM.Domain", "SM.Domain", "{EC2CCA2F-9AB3-4858-88EF-7E3B10597648}"
EndProject
Project("{2150E333-8FDC-42A3-9474-1A3956D46DE8}") = "SM.Infrastructure", "SM.Infrastructure", "{E39D54AF-53B7-496C-9B3D-72581F868BAC}"
EndProject
Project("{9A19103F-16F7-4668-BE54-9A1E7A4F7556}") = "ShopManagement.Configuration", "ShopManagement.Configuration\ShopManagement.Configuration.csproj", "{55303578-5BDC-4076-B055-5DF7E3948A43}"
EndProject
Project("{9A19103F-16F7-4668-BE54-9A1E7A4F7556}") = "ServiceHost", "ServiceHost\ServiceHost.csproj", "{5C0170A2-0083-4E9B-A9C2-27FCC9C3F651}"
EndProject
Project("{9A19103F-16F7-4668-BE54-9A1E7A4F7556}") = "01_TajhizMiningQuery", "01_TajhizMiningQuery\01_TajhizMiningQuery.csproj", "{9D7C00D1-5A1C-44C1-80F0-467DCE9AE6A0}"
EndProject
Project("{2150E333-8FDC-42A3-9474-1A3956D46DE8}") = "DiscountManagement", "DiscountManagement", "{5C6BBF56-B313-40A3-AE78-887428A93D62}"
EndProject
Project("{2150E333-8FDC-42A3-9474-1A3956D46DE8}") = "DM.Domain", "DM.Domain", "{0F17E332-79FC-4A27-8389-0070A473B83D}"
EndProject
Project("{FAE04EC0-301F-11D3-BF4B-00C04F79EFBC}") = "DiscountManagement.Domain", "DiscountManagement.Domain\DiscountManagement.Domain.csproj", "{E5A54666-BA06-4BF9-BB75-C054F18E83C9}"
EndProject
Project("{2150E333-8FDC-42A3-9474-1A3956D46DE8}") = "DM.Application", "DM.Application", "{2A84282F-6762-4091-8ACF-1999D5EBADDF}"
EndProject
Project("{FAE04EC0-301F-11D3-BF4B-00C04F79EFBC}") = "DiscountManagement.Application.Contract", "DiscountManagement.Application.Contract\DiscountManagement.Application.Contract.csproj", "{06D842E2-5E24-43B9-BE8B-2F6CC2C5F41C}"
EndProject
Project("{FAE04EC0-301F-11D3-BF4B-00C04F79EFBC}") = "DiscountManagement.Application", "DiscountManagement.Application\DiscountManagement.Application.csproj", "{D9EF88A8-1EFE-46C9-8AD9-26B96028EB3C}"
EndProject
Project("{2150E333-8FDC-42A3-9474-1A3956D46DE8}") = "DM.Infrastructure", "DM.Infrastructure", "{C95FAD17-39F2-48AC-89D6-150EBC81071A}"
EndProject
Project("{FAE04EC0-301F-11D3-BF4B-00C04F79EFBC}") = "DiscountManagement.Infrastructure.EFCore", "CustomerDiscount.Infrastructure.EFCore\DiscountManagement.Infrastructure.EFCore.csproj", "{B156E500-E1BC-45B7-AE1A-2BA601065212}"
EndProject
Project("{FAE04EC0-301F-11D3-BF4B-00C04F79EFBC}") = "DiscountManagement.Configuration", "CustomerDiscount.Infrastructure.Configuration\DiscountManagement.Configuration.csproj", "{0DEF085C-BD82-4FA7-B91D-9084DBDE6E5B}"
EndProject
Global
	GlobalSection(SolutionConfigurationPlatforms) = preSolution
		Debug|Any CPU = Debug|Any CPU
		Release|Any CPU = Release|Any CPU
	EndGlobalSection
	GlobalSection(ProjectConfigurationPlatforms) = postSolution
		{E5C17058-3F4C-4C78-9A60-4162A4B2649B}.Debug|Any CPU.ActiveCfg = Debug|Any CPU
		{E5C17058-3F4C-4C78-9A60-4162A4B2649B}.Debug|Any CPU.Build.0 = Debug|Any CPU
		{E5C17058-3F4C-4C78-9A60-4162A4B2649B}.Release|Any CPU.ActiveCfg = Release|Any CPU
		{E5C17058-3F4C-4C78-9A60-4162A4B2649B}.Release|Any CPU.Build.0 = Release|Any CPU
		{91255114-B642-4B7D-B529-CD25128212E4}.Debug|Any CPU.ActiveCfg = Debug|Any CPU
		{91255114-B642-4B7D-B529-CD25128212E4}.Debug|Any CPU.Build.0 = Debug|Any CPU
		{91255114-B642-4B7D-B529-CD25128212E4}.Release|Any CPU.ActiveCfg = Release|Any CPU
		{91255114-B642-4B7D-B529-CD25128212E4}.Release|Any CPU.Build.0 = Release|Any CPU
		{4BA9C852-1ED2-42DD-82A5-EB97F693C561}.Debug|Any CPU.ActiveCfg = Debug|Any CPU
		{4BA9C852-1ED2-42DD-82A5-EB97F693C561}.Debug|Any CPU.Build.0 = Debug|Any CPU
		{4BA9C852-1ED2-42DD-82A5-EB97F693C561}.Release|Any CPU.ActiveCfg = Release|Any CPU
		{4BA9C852-1ED2-42DD-82A5-EB97F693C561}.Release|Any CPU.Build.0 = Release|Any CPU
		{408161DF-03E1-4F60-B616-387A6C82CBED}.Debug|Any CPU.ActiveCfg = Debug|Any CPU
		{408161DF-03E1-4F60-B616-387A6C82CBED}.Debug|Any CPU.Build.0 = Debug|Any CPU
		{408161DF-03E1-4F60-B616-387A6C82CBED}.Release|Any CPU.ActiveCfg = Release|Any CPU
		{408161DF-03E1-4F60-B616-387A6C82CBED}.Release|Any CPU.Build.0 = Release|Any CPU
		{AE73F31A-9B46-4C9B-8901-116B36EBE75E}.Debug|Any CPU.ActiveCfg = Debug|Any CPU
		{AE73F31A-9B46-4C9B-8901-116B36EBE75E}.Debug|Any CPU.Build.0 = Debug|Any CPU
		{AE73F31A-9B46-4C9B-8901-116B36EBE75E}.Release|Any CPU.ActiveCfg = Release|Any CPU
		{AE73F31A-9B46-4C9B-8901-116B36EBE75E}.Release|Any CPU.Build.0 = Release|Any CPU
		{55303578-5BDC-4076-B055-5DF7E3948A43}.Debug|Any CPU.ActiveCfg = Debug|Any CPU
		{55303578-5BDC-4076-B055-5DF7E3948A43}.Debug|Any CPU.Build.0 = Debug|Any CPU
		{55303578-5BDC-4076-B055-5DF7E3948A43}.Release|Any CPU.ActiveCfg = Release|Any CPU
		{55303578-5BDC-4076-B055-5DF7E3948A43}.Release|Any CPU.Build.0 = Release|Any CPU
		{5C0170A2-0083-4E9B-A9C2-27FCC9C3F651}.Debug|Any CPU.ActiveCfg = Debug|Any CPU
		{5C0170A2-0083-4E9B-A9C2-27FCC9C3F651}.Debug|Any CPU.Build.0 = Debug|Any CPU
		{5C0170A2-0083-4E9B-A9C2-27FCC9C3F651}.Release|Any CPU.ActiveCfg = Release|Any CPU
		{5C0170A2-0083-4E9B-A9C2-27FCC9C3F651}.Release|Any CPU.Build.0 = Release|Any CPU
		{9D7C00D1-5A1C-44C1-80F0-467DCE9AE6A0}.Debug|Any CPU.ActiveCfg = Debug|Any CPU
		{9D7C00D1-5A1C-44C1-80F0-467DCE9AE6A0}.Debug|Any CPU.Build.0 = Debug|Any CPU
		{9D7C00D1-5A1C-44C1-80F0-467DCE9AE6A0}.Release|Any CPU.ActiveCfg = Release|Any CPU
		{9D7C00D1-5A1C-44C1-80F0-467DCE9AE6A0}.Release|Any CPU.Build.0 = Release|Any CPU
		{E5A54666-BA06-4BF9-BB75-C054F18E83C9}.Debug|Any CPU.ActiveCfg = Debug|Any CPU
		{E5A54666-BA06-4BF9-BB75-C054F18E83C9}.Debug|Any CPU.Build.0 = Debug|Any CPU
		{E5A54666-BA06-4BF9-BB75-C054F18E83C9}.Release|Any CPU.ActiveCfg = Release|Any CPU
		{E5A54666-BA06-4BF9-BB75-C054F18E83C9}.Release|Any CPU.Build.0 = Release|Any CPU
		{06D842E2-5E24-43B9-BE8B-2F6CC2C5F41C}.Debug|Any CPU.ActiveCfg = Debug|Any CPU
		{06D842E2-5E24-43B9-BE8B-2F6CC2C5F41C}.Debug|Any CPU.Build.0 = Debug|Any CPU
		{06D842E2-5E24-43B9-BE8B-2F6CC2C5F41C}.Release|Any CPU.ActiveCfg = Release|Any CPU
		{06D842E2-5E24-43B9-BE8B-2F6CC2C5F41C}.Release|Any CPU.Build.0 = Release|Any CPU
		{D9EF88A8-1EFE-46C9-8AD9-26B96028EB3C}.Debug|Any CPU.ActiveCfg = Debug|Any CPU
		{D9EF88A8-1EFE-46C9-8AD9-26B96028EB3C}.Debug|Any CPU.Build.0 = Debug|Any CPU
		{D9EF88A8-1EFE-46C9-8AD9-26B96028EB3C}.Release|Any CPU.ActiveCfg = Release|Any CPU
		{D9EF88A8-1EFE-46C9-8AD9-26B96028EB3C}.Release|Any CPU.Build.0 = Release|Any CPU
		{B156E500-E1BC-45B7-AE1A-2BA601065212}.Debug|Any CPU.ActiveCfg = Debug|Any CPU
		{B156E500-E1BC-45B7-AE1A-2BA601065212}.Debug|Any CPU.Build.0 = Debug|Any CPU
		{B156E500-E1BC-45B7-AE1A-2BA601065212}.Release|Any CPU.ActiveCfg = Release|Any CPU
		{B156E500-E1BC-45B7-AE1A-2BA601065212}.Release|Any CPU.Build.0 = Release|Any CPU
		{0DEF085C-BD82-4FA7-B91D-9084DBDE6E5B}.Debug|Any CPU.ActiveCfg = Debug|Any CPU
		{0DEF085C-BD82-4FA7-B91D-9084DBDE6E5B}.Debug|Any CPU.Build.0 = Debug|Any CPU
		{0DEF085C-BD82-4FA7-B91D-9084DBDE6E5B}.Release|Any CPU.ActiveCfg = Release|Any CPU
		{0DEF085C-BD82-4FA7-B91D-9084DBDE6E5B}.Release|Any CPU.Build.0 = Release|Any CPU
	EndGlobalSection
	GlobalSection(SolutionProperties) = preSolution
		HideSolutionNode = FALSE
	EndGlobalSection
	GlobalSection(NestedProjects) = preSolution
		{E5C17058-3F4C-4C78-9A60-4162A4B2649B} = {EC2CCA2F-9AB3-4858-88EF-7E3B10597648}
		{4BA9C852-1ED2-42DD-82A5-EB97F693C561} = {73D4B31E-D517-4B45-A01B-7DFBB2D29B29}
		{408161DF-03E1-4F60-B616-387A6C82CBED} = {73D4B31E-D517-4B45-A01B-7DFBB2D29B29}
		{AE73F31A-9B46-4C9B-8901-116B36EBE75E} = {E39D54AF-53B7-496C-9B3D-72581F868BAC}
		{73D4B31E-D517-4B45-A01B-7DFBB2D29B29} = {22FDEF39-99E0-4529-A9C9-2A0E403430A8}
		{EC2CCA2F-9AB3-4858-88EF-7E3B10597648} = {22FDEF39-99E0-4529-A9C9-2A0E403430A8}
		{E39D54AF-53B7-496C-9B3D-72581F868BAC} = {22FDEF39-99E0-4529-A9C9-2A0E403430A8}
		{55303578-5BDC-4076-B055-5DF7E3948A43} = {E39D54AF-53B7-496C-9B3D-72581F868BAC}
		{0F17E332-79FC-4A27-8389-0070A473B83D} = {5C6BBF56-B313-40A3-AE78-887428A93D62}
		{E5A54666-BA06-4BF9-BB75-C054F18E83C9} = {0F17E332-79FC-4A27-8389-0070A473B83D}
		{2A84282F-6762-4091-8ACF-1999D5EBADDF} = {5C6BBF56-B313-40A3-AE78-887428A93D62}
		{06D842E2-5E24-43B9-BE8B-2F6CC2C5F41C} = {2A84282F-6762-4091-8ACF-1999D5EBADDF}
		{D9EF88A8-1EFE-46C9-8AD9-26B96028EB3C} = {2A84282F-6762-4091-8ACF-1999D5EBADDF}
		{C95FAD17-39F2-48AC-89D6-150EBC81071A} = {5C6BBF56-B313-40A3-AE78-887428A93D62}
		{B156E500-E1BC-45B7-AE1A-2BA601065212} = {C95FAD17-39F2-48AC-89D6-150EBC81071A}
		{0DEF085C-BD82-4FA7-B91D-9084DBDE6E5B} = {C95FAD17-39F2-48AC-89D6-150EBC81071A}
	EndGlobalSection
	GlobalSection(ExtensibilityGlobals) = postSolution
		SolutionGuid = {B23A108C-96DC-489C-B2BA-5C55AB6FEB6E}
	EndGlobalSection
EndGlobal
